
Microsoft Visual Studio Solution File, Format Version 12.00
# Visual Studio Version 16
VisualStudioVersion = 16.0.31025.218
MinimumVisualStudioVersion = 10.0.40219.1
Project("{9A19103F-16F7-4668-BE54-9A1E7A4F7556}") = "DisbotNext", "DisbotNext\DisbotNext.csproj", "{C7D31F58-A15C-422E-93DD-A3597C957D15}"
EndProject
Project("{9A19103F-16F7-4668-BE54-9A1E7A4F7556}") = "DisbotNext.Common", "DisbotNext.Common\DisbotNext.Common.csproj", "{E51C1050-6056-4B51-9FA1-8170D78FCC32}"
EndProject
Project("{9A19103F-16F7-4668-BE54-9A1E7A4F7556}") = "DisbotNext.Infrastructures.Sqlite", "DisbotNext.Infrastructures\DisbotNext.Infrastructures.Sqlite.csproj", "{22671EC9-406E-4692-AF67-323D0E23DAB1}"
EndProject
Project("{9A19103F-16F7-4668-BE54-9A1E7A4F7556}") = "DisbotNext.Infrastructures.Common", "DisbotNext.Infrastructure.Common\DisbotNext.Infrastructures.Common.csproj", "{E71879CD-A1B1-4297-9BD4-1E54C52FCDD9}"
EndProject
Global
	GlobalSection(SolutionConfigurationPlatforms) = preSolution
		Debug|Any CPU = Debug|Any CPU
		Release|Any CPU = Release|Any CPU
	EndGlobalSection
	GlobalSection(ProjectConfigurationPlatforms) = postSolution
		{C7D31F58-A15C-422E-93DD-A3597C957D15}.Debug|Any CPU.ActiveCfg = Debug|Any CPU
		{C7D31F58-A15C-422E-93DD-A3597C957D15}.Debug|Any CPU.Build.0 = Debug|Any CPU
		{C7D31F58-A15C-422E-93DD-A3597C957D15}.Release|Any CPU.ActiveCfg = Release|Any CPU
		{C7D31F58-A15C-422E-93DD-A3597C957D15}.Release|Any CPU.Build.0 = Release|Any CPU
		{E51C1050-6056-4B51-9FA1-8170D78FCC32}.Debug|Any CPU.ActiveCfg = Debug|Any CPU
		{E51C1050-6056-4B51-9FA1-8170D78FCC32}.Debug|Any CPU.Build.0 = Debug|Any CPU
		{E51C1050-6056-4B51-9FA1-8170D78FCC32}.Release|Any CPU.ActiveCfg = Release|Any CPU
		{E51C1050-6056-4B51-9FA1-8170D78FCC32}.Release|Any CPU.Build.0 = Release|Any CPU
		{22671EC9-406E-4692-AF67-323D0E23DAB1}.Debug|Any CPU.ActiveCfg = Debug|Any CPU
		{22671EC9-406E-4692-AF67-323D0E23DAB1}.Debug|Any CPU.Build.0 = Debug|Any CPU
		{22671EC9-406E-4692-AF67-323D0E23DAB1}.Release|Any CPU.ActiveCfg = Release|Any CPU
		{22671EC9-406E-4692-AF67-323D0E23DAB1}.Release|Any CPU.Build.0 = Release|Any CPU
		{E71879CD-A1B1-4297-9BD4-1E54C52FCDD9}.Debug|Any CPU.ActiveCfg = Debug|Any CPU
		{E71879CD-A1B1-4297-9BD4-1E54C52FCDD9}.Debug|Any CPU.Build.0 = Debug|Any CPU
		{E71879CD-A1B1-4297-9BD4-1E54C52FCDD9}.Release|Any CPU.ActiveCfg = Release|Any CPU
		{E71879CD-A1B1-4297-9BD4-1E54C52FCDD9}.Release|Any CPU.Build.0 = Release|Any CPU
	EndGlobalSection
	GlobalSection(SolutionProperties) = preSolution
		HideSolutionNode = FALSE
	EndGlobalSection
	GlobalSection(ExtensibilityGlobals) = postSolution
		SolutionGuid = {783B5DDE-4684-4728-AE7D-3A97053C97D1}
	EndGlobalSection
EndGlobal
